
Microsoft Visual Studio Solution File, Format Version 12.00
# Visual Studio Version 18
VisualStudioVersion = 18.0.11217.181
MinimumVisualStudioVersion = 10.0.40219.1
Project("{2150E333-8FDC-42A3-9474-1A3956D46DE8}") = "Aspire", "Aspire", "{02EA681E-C7D8-13C7-8484-4AC65E1B71E8}"
EndProject
Project("{FAE04EC0-301F-11D3-BF4B-00C04F79EFBC}") = "AppHost", "src\AppHost\AppHost.csproj", "{BB9C41FD-1395-49AC-C085-55B269795333}"
EndProject
Project("{FAE04EC0-301F-11D3-BF4B-00C04F79EFBC}") = "ServiceDefaults", "src\ServiceDefaults\ServiceDefaults.csproj", "{E3C0E21B-371B-ACD5-5FF0-77C353D89E20}"
EndProject
Project("{FAE04EC0-301F-11D3-BF4B-00C04F79EFBC}") = "Infrastructure", "src\Infrastructure\Infrastructure.csproj", "{23B2E201-59C4-4B2E-B045-7F5345C20A63}"
EndProject
Project("{FAE04EC0-301F-11D3-BF4B-00C04F79EFBC}") = "Agents", "src\Agents\Agents.csproj", "{960A3CFD-C130-7355-5431-BD1168CC8817}"
EndProject
Project("{2150E333-8FDC-42A3-9474-1A3956D46DE8}") = "Application", "Application", "{2F775700-8AE2-452A-83D0-B25564841156}"
EndProject
Project("{FAE04EC0-301F-11D3-BF4B-00C04F79EFBC}") = "Travel.Workflows", "src\Travel.Workflows\Travel.Workflows.csproj", "{427A28A4-4028-13A3-BE5F-48E6A3E7DD9F}"
EndProject
Project("{FAE04EC0-301F-11D3-BF4B-00C04F79EFBC}") = "Travel.Workflows.Api", "src\Travel.Workflows.Api\Travel.Workflows.Api.csproj", "{12FC936E-2DA0-C2C7-3700-8F8CA70F79F8}"
EndProject
Project("{FAE04EC0-301F-11D3-BF4B-00C04F79EFBC}") = "Travel.Application.Api", "src\Travel.Application.Api\Travel.Application.Api.csproj", "{FEADD821-41C5-4F65-CB83-31B53F5961E0}"
EndProject
Project("{2150E333-8FDC-42A3-9474-1A3956D46DE8}") = "Workflows", "Workflows", "{1E82CFC0-41A2-4EC1-B0B2-1F7A80B584FB}"
EndProject
Project("{FAE04EC0-301F-11D3-BF4B-00C04F79EFBC}") = "Travel.Gateway", "src\Travel.Gateway\Travel.Gateway.csproj", "{EBAA92EC-7C75-3702-CBCF-B47E907E52D8}"
EndProject
Project("{2150E333-8FDC-42A3-9474-1A3956D46DE8}") = "Shared", "Shared", "{74828106-6426-4828-BCE0-ED45DFFB2CAD}"
EndProject
Project("{2150E333-8FDC-42A3-9474-1A3956D46DE8}") = "Experience", "Experience", "{BF9BC721-3083-4D3A-AB0C-9F22710162B4}"
EndProject
Project("{FAE04EC0-301F-11D3-BF4B-00C04F79EFBC}") = "Travel.Experience.Api", "src\Travel.Experience.Api\Travel.Experience.Api.csproj", "{644F3180-2653-73C8-7506-6C76BB755E5A}"
EndProject
Project("{FAE04EC0-301F-11D3-BF4B-00C04F79EFBC}") = "Workflows", "src\Workflows\Workflows.csproj", "{1463749B-A013-41D6-A9FE-6F559B7BD2F9}"
EndProject
Project("{FAE04EC0-301F-11D3-BF4B-00C04F79EFBC}") = "Travel.Application", "src\Travel.Application\Travel.Application.csproj", "{CBD2A9B8-FB69-4574-8145-416C3DC630C2}"
EndProject
Project("{FAE04EC0-301F-11D3-BF4B-00C04F79EFBC}") = "Travel.Application.Mcp", "src\Travel.Application.Mcp\Travel.Application.Mcp.csproj", "{73E84196-105E-F2E9-8242-4DBBFE5ED73C}"
EndProject
Global
	GlobalSection(SolutionConfigurationPlatforms) = preSolution
		Debug|Any CPU = Debug|Any CPU
		Release|Any CPU = Release|Any CPU
	EndGlobalSection
	GlobalSection(ProjectConfigurationPlatforms) = postSolution
		{BB9C41FD-1395-49AC-C085-55B269795333}.Debug|Any CPU.ActiveCfg = Debug|Any CPU
		{BB9C41FD-1395-49AC-C085-55B269795333}.Debug|Any CPU.Build.0 = Debug|Any CPU
		{BB9C41FD-1395-49AC-C085-55B269795333}.Release|Any CPU.ActiveCfg = Release|Any CPU
		{BB9C41FD-1395-49AC-C085-55B269795333}.Release|Any CPU.Build.0 = Release|Any CPU
		{E3C0E21B-371B-ACD5-5FF0-77C353D89E20}.Debug|Any CPU.ActiveCfg = Debug|Any CPU
		{E3C0E21B-371B-ACD5-5FF0-77C353D89E20}.Debug|Any CPU.Build.0 = Debug|Any CPU
		{E3C0E21B-371B-ACD5-5FF0-77C353D89E20}.Release|Any CPU.ActiveCfg = Release|Any CPU
		{E3C0E21B-371B-ACD5-5FF0-77C353D89E20}.Release|Any CPU.Build.0 = Release|Any CPU
		{23B2E201-59C4-4B2E-B045-7F5345C20A63}.Debug|Any CPU.ActiveCfg = Debug|Any CPU
		{23B2E201-59C4-4B2E-B045-7F5345C20A63}.Debug|Any CPU.Build.0 = Debug|Any CPU
		{23B2E201-59C4-4B2E-B045-7F5345C20A63}.Release|Any CPU.ActiveCfg = Release|Any CPU
		{23B2E201-59C4-4B2E-B045-7F5345C20A63}.Release|Any CPU.Build.0 = Release|Any CPU
		{960A3CFD-C130-7355-5431-BD1168CC8817}.Debug|Any CPU.ActiveCfg = Debug|Any CPU
		{960A3CFD-C130-7355-5431-BD1168CC8817}.Debug|Any CPU.Build.0 = Debug|Any CPU
		{960A3CFD-C130-7355-5431-BD1168CC8817}.Release|Any CPU.ActiveCfg = Release|Any CPU
		{960A3CFD-C130-7355-5431-BD1168CC8817}.Release|Any CPU.Build.0 = Release|Any CPU
		{427A28A4-4028-13A3-BE5F-48E6A3E7DD9F}.Debug|Any CPU.ActiveCfg = Debug|Any CPU
		{427A28A4-4028-13A3-BE5F-48E6A3E7DD9F}.Debug|Any CPU.Build.0 = Debug|Any CPU
		{427A28A4-4028-13A3-BE5F-48E6A3E7DD9F}.Release|Any CPU.ActiveCfg = Release|Any CPU
		{427A28A4-4028-13A3-BE5F-48E6A3E7DD9F}.Release|Any CPU.Build.0 = Release|Any CPU
		{12FC936E-2DA0-C2C7-3700-8F8CA70F79F8}.Debug|Any CPU.ActiveCfg = Debug|Any CPU
		{12FC936E-2DA0-C2C7-3700-8F8CA70F79F8}.Debug|Any CPU.Build.0 = Debug|Any CPU
		{12FC936E-2DA0-C2C7-3700-8F8CA70F79F8}.Release|Any CPU.ActiveCfg = Release|Any CPU
		{12FC936E-2DA0-C2C7-3700-8F8CA70F79F8}.Release|Any CPU.Build.0 = Release|Any CPU
		{FEADD821-41C5-4F65-CB83-31B53F5961E0}.Debug|Any CPU.ActiveCfg = Debug|Any CPU
		{FEADD821-41C5-4F65-CB83-31B53F5961E0}.Debug|Any CPU.Build.0 = Debug|Any CPU
		{FEADD821-41C5-4F65-CB83-31B53F5961E0}.Release|Any CPU.ActiveCfg = Release|Any CPU
		{FEADD821-41C5-4F65-CB83-31B53F5961E0}.Release|Any CPU.Build.0 = Release|Any CPU
		{EBAA92EC-7C75-3702-CBCF-B47E907E52D8}.Debug|Any CPU.ActiveCfg = Debug|Any CPU
		{EBAA92EC-7C75-3702-CBCF-B47E907E52D8}.Debug|Any CPU.Build.0 = Debug|Any CPU
		{EBAA92EC-7C75-3702-CBCF-B47E907E52D8}.Release|Any CPU.ActiveCfg = Release|Any CPU
		{EBAA92EC-7C75-3702-CBCF-B47E907E52D8}.Release|Any CPU.Build.0 = Release|Any CPU
		{644F3180-2653-73C8-7506-6C76BB755E5A}.Debug|Any CPU.ActiveCfg = Debug|Any CPU
		{644F3180-2653-73C8-7506-6C76BB755E5A}.Debug|Any CPU.Build.0 = Debug|Any CPU
		{644F3180-2653-73C8-7506-6C76BB755E5A}.Release|Any CPU.ActiveCfg = Release|Any CPU
		{644F3180-2653-73C8-7506-6C76BB755E5A}.Release|Any CPU.Build.0 = Release|Any CPU
		{1463749B-A013-41D6-A9FE-6F559B7BD2F9}.Debug|Any CPU.ActiveCfg = Debug|Any CPU
		{1463749B-A013-41D6-A9FE-6F559B7BD2F9}.Debug|Any CPU.Build.0 = Debug|Any CPU
		{1463749B-A013-41D6-A9FE-6F559B7BD2F9}.Release|Any CPU.ActiveCfg = Release|Any CPU
		{1463749B-A013-41D6-A9FE-6F559B7BD2F9}.Release|Any CPU.Build.0 = Release|Any CPU
		{CBD2A9B8-FB69-4574-8145-416C3DC630C2}.Debug|Any CPU.ActiveCfg = Debug|Any CPU
		{CBD2A9B8-FB69-4574-8145-416C3DC630C2}.Debug|Any CPU.Build.0 = Debug|Any CPU
		{CBD2A9B8-FB69-4574-8145-416C3DC630C2}.Release|Any CPU.ActiveCfg = Release|Any CPU
		{CBD2A9B8-FB69-4574-8145-416C3DC630C2}.Release|Any CPU.Build.0 = Release|Any CPU
		{73E84196-105E-F2E9-8242-4DBBFE5ED73C}.Debug|Any CPU.ActiveCfg = Debug|Any CPU
		{73E84196-105E-F2E9-8242-4DBBFE5ED73C}.Debug|Any CPU.Build.0 = Debug|Any CPU
		{73E84196-105E-F2E9-8242-4DBBFE5ED73C}.Release|Any CPU.ActiveCfg = Release|Any CPU
		{73E84196-105E-F2E9-8242-4DBBFE5ED73C}.Release|Any CPU.Build.0 = Release|Any CPU
	EndGlobalSection
	GlobalSection(SolutionProperties) = preSolution
		HideSolutionNode = FALSE
	EndGlobalSection
	GlobalSection(NestedProjects) = preSolution
		{BB9C41FD-1395-49AC-C085-55B269795333} = {02EA681E-C7D8-13C7-8484-4AC65E1B71E8}
		{E3C0E21B-371B-ACD5-5FF0-77C353D89E20} = {02EA681E-C7D8-13C7-8484-4AC65E1B71E8}
		{23B2E201-59C4-4B2E-B045-7F5345C20A63} = {74828106-6426-4828-BCE0-ED45DFFB2CAD}
		{960A3CFD-C130-7355-5431-BD1168CC8817} = {74828106-6426-4828-BCE0-ED45DFFB2CAD}
		{427A28A4-4028-13A3-BE5F-48E6A3E7DD9F} = {1E82CFC0-41A2-4EC1-B0B2-1F7A80B584FB}
		{12FC936E-2DA0-C2C7-3700-8F8CA70F79F8} = {1E82CFC0-41A2-4EC1-B0B2-1F7A80B584FB}
		{FEADD821-41C5-4F65-CB83-31B53F5961E0} = {2F775700-8AE2-452A-83D0-B25564841156}
		{EBAA92EC-7C75-3702-CBCF-B47E907E52D8} = {2F775700-8AE2-452A-83D0-B25564841156}
		{644F3180-2653-73C8-7506-6C76BB755E5A} = {BF9BC721-3083-4D3A-AB0C-9F22710162B4}
		{1463749B-A013-41D6-A9FE-6F559B7BD2F9} = {74828106-6426-4828-BCE0-ED45DFFB2CAD}
		{CBD2A9B8-FB69-4574-8145-416C3DC630C2} = {2F775700-8AE2-452A-83D0-B25564841156}
		{73E84196-105E-F2E9-8242-4DBBFE5ED73C} = {2F775700-8AE2-452A-83D0-B25564841156}
	EndGlobalSection
	GlobalSection(ExtensibilityGlobals) = postSolution
		SolutionGuid = {CECF4BFE-6870-4849-BFB1-EC0B46CF01E1}
	EndGlobalSection
EndGlobal
